
Microsoft Visual Studio Solution File, Format Version 12.00
# Visual Studio 2013
VisualStudioVersion = 12.0.40629.0
MinimumVisualStudioVersion = 10.0.40219.1
Project("{FAE04EC0-301F-11D3-BF4B-00C04F79EFBC}") = "Graphics4Teachers", "Graphics4Teachers\Graphics4Teachers.csproj", "{AF4AD1EA-4274-4B7A-BBC3-7F58D79842E5}"
EndProject
Project("{FAE04EC0-301F-11D3-BF4B-00C04F79EFBC}") = "Graphics4Teachers.Tests", "Graphics4Teachers.Tests\Graphics4Teachers.Tests.csproj", "{B9711855-9F87-473C-A06C-B4D939667008}"
EndProject
Global
	GlobalSection(SolutionConfigurationPlatforms) = preSolution
		Debug|Any CPU = Debug|Any CPU
		Release|Any CPU = Release|Any CPU
	EndGlobalSection
	GlobalSection(ProjectConfigurationPlatforms) = postSolution
		{AF4AD1EA-4274-4B7A-BBC3-7F58D79842E5}.Debug|Any CPU.ActiveCfg = Debug|Any CPU
		{AF4AD1EA-4274-4B7A-BBC3-7F58D79842E5}.Debug|Any CPU.Build.0 = Debug|Any CPU
		{AF4AD1EA-4274-4B7A-BBC3-7F58D79842E5}.Release|Any CPU.ActiveCfg = Release|Any CPU
		{AF4AD1EA-4274-4B7A-BBC3-7F58D79842E5}.Release|Any CPU.Build.0 = Release|Any CPU
		{B9711855-9F87-473C-A06C-B4D939667008}.Debug|Any CPU.ActiveCfg = Debug|Any CPU
		{B9711855-9F87-473C-A06C-B4D939667008}.Debug|Any CPU.Build.0 = Debug|Any CPU
		{B9711855-9F87-473C-A06C-B4D939667008}.Release|Any CPU.ActiveCfg = Release|Any CPU
		{B9711855-9F87-473C-A06C-B4D939667008}.Release|Any CPU.Build.0 = Release|Any CPU
	EndGlobalSection
	GlobalSection(SolutionProperties) = preSolution
		HideSolutionNode = FALSE
	EndGlobalSection
EndGlobal
